{
    "_meta": {
        "hash": {
            "sha256": "7d22715f28cbd84787f049c139f9b9799bc5a0374db918d22c6d8cd4f06ad37b"
        },
        "pipfile-spec": 6,
        "requires": {
            "python_full_version": "3.11.2",
            "python_version": "3.11"
        },
        "sources": [
            {
                "name": "pypi",
                "url": "https://pypi.org/simple",
                "verify_ssl": true
            }
        ]
    },
    "default": {},
    "develop": {}
}
